
Microsoft Visual Studio Solution File, Format Version 12.00
# Visual Studio Version 17
VisualStudioVersion = 17.11.35208.52
MinimumVisualStudioVersion = 10.0.40219.1
Project("{FAE04EC0-301F-11D3-BF4B-00C04F79EFBC}") = "Exerc_2", "Exerc_2\Exerc_2.csproj", "{ABD8E0B4-E1C2-4E41-8AF4-173A80F1B0C0}"
EndProject
Global
	GlobalSection(SolutionConfigurationPlatforms) = preSolution
		Debug|Any CPU = Debug|Any CPU
		Release|Any CPU = Release|Any CPU
	EndGlobalSection
	GlobalSection(ProjectConfigurationPlatforms) = postSolution
		{ABD8E0B4-E1C2-4E41-8AF4-173A80F1B0C0}.Debug|Any CPU.ActiveCfg = Debug|Any CPU
		{ABD8E0B4-E1C2-4E41-8AF4-173A80F1B0C0}.Debug|Any CPU.Build.0 = Debug|Any CPU
		{ABD8E0B4-E1C2-4E41-8AF4-173A80F1B0C0}.Release|Any CPU.ActiveCfg = Release|Any CPU
		{ABD8E0B4-E1C2-4E41-8AF4-173A80F1B0C0}.Release|Any CPU.Build.0 = Release|Any CPU
	EndGlobalSection
	GlobalSection(SolutionProperties) = preSolution
		HideSolutionNode = FALSE
	EndGlobalSection
	GlobalSection(ExtensibilityGlobals) = postSolution
		SolutionGuid = {6DFB9979-7793-4665-A624-32613B0B3884}
	EndGlobalSection
EndGlobal
