
Microsoft Visual Studio Solution File, Format Version 12.00
# Visual Studio Version 17
VisualStudioVersion = 17.11.35208.52
MinimumVisualStudioVersion = 10.0.40219.1
Project("{FAE04EC0-301F-11D3-BF4B-00C04F79EFBC}") = "Exer_1", "Exer_1\Exer_1.csproj", "{831F2F81-7CA5-4915-BAC3-21E66C64B028}"
EndProject
Global
	GlobalSection(SolutionConfigurationPlatforms) = preSolution
		Debug|Any CPU = Debug|Any CPU
		Release|Any CPU = Release|Any CPU
	EndGlobalSection
	GlobalSection(ProjectConfigurationPlatforms) = postSolution
		{831F2F81-7CA5-4915-BAC3-21E66C64B028}.Debug|Any CPU.ActiveCfg = Debug|Any CPU
		{831F2F81-7CA5-4915-BAC3-21E66C64B028}.Debug|Any CPU.Build.0 = Debug|Any CPU
		{831F2F81-7CA5-4915-BAC3-21E66C64B028}.Release|Any CPU.ActiveCfg = Release|Any CPU
		{831F2F81-7CA5-4915-BAC3-21E66C64B028}.Release|Any CPU.Build.0 = Release|Any CPU
	EndGlobalSection
	GlobalSection(SolutionProperties) = preSolution
		HideSolutionNode = FALSE
	EndGlobalSection
	GlobalSection(ExtensibilityGlobals) = postSolution
		SolutionGuid = {32311697-A38E-4CAE-9F7A-3F4A58A2E7CA}
	EndGlobalSection
EndGlobal
